PODS:
  - Alamofire (2.0.2)
  - CRToast (0.0.7)
  - Instabug (4.1.10)
  - PureLayout (3.0.0)
  - Realm (0.95.1):
    - Realm/Headers (= 0.95.1)
  - Realm/Headers (0.95.1)
  - RealmSwift (0.95.1):
    - Realm (= 0.95.1)
  - SDWebImage (3.7.3):
    - SDWebImage/Core (= 3.7.3)
  - SDWebImage/Core (3.7.3)
  - Socket.IO-Client-Swift (3.1.4)
  - SocketRocket (0.4)
  - VGParallaxHeader (0.0.6):
    - PureLayout
  - YouTubePlayer (0.2)

DEPENDENCIES:
  - Alamofire (~> 2.0)
  - CRToast (~> 0.0.7)
  - Instabug
  - Realm (from `https://github.com/realm/realm-cocoa.git`, branch `swift-2.0`)
  - RealmSwift (from `https://github.com/realm/realm-cocoa.git`, branch `swift-2.0`)
  - SDWebImage (~> 3.7)
  - Socket.IO-Client-Swift (~> 3.1.4)
  - SocketRocket
  - VGParallaxHeader
  - YouTubePlayer

EXTERNAL SOURCES:
  Realm:
    :branch: swift-2.0
    :git: https://github.com/realm/realm-cocoa.git
  RealmSwift:
    :branch: swift-2.0
    :git: https://github.com/realm/realm-cocoa.git

CHECKOUT OPTIONS:
  Realm:
    :commit: f317909cc16e34b42545e849afe81686b3863b24
    :git: https://github.com/realm/realm-cocoa.git
  RealmSwift:
    :commit: f317909cc16e34b42545e849afe81686b3863b24
    :git: https://github.com/realm/realm-cocoa.git

SPEC CHECKSUMS:
  Alamofire: 8edbab00802a752bb5240cc2abe70e7e881488ad
  CRToast: 99a28f4387def43b439ad88f957ce31357ff7373
  Instabug: 67d01dc94d780a3eb787563fc7a1c32ef5dd8a1f
  PureLayout: 270dfee2236f697ab1d5e2771c2e5c248495fa0d
  Realm: 6888430917b197eed845dcce9a1f99c9c4bd9cd1
  RealmSwift: 01ecf1cd1a6cc7cd05eed53c6bfaec21b0db6bf8
  SDWebImage: 1d2b1a1efda1ade1b00b6f8498865f8ddedc8a84
  Socket.IO-Client-Swift: a0c8a6ba85ea685891d2c5f0e73b7287b89d0121
  SocketRocket: 01443933b7bc362621325f4607b80b4286a99707
  VGParallaxHeader: 1213aba58c9b0aea84f9e81ad526fde57aa4fe48
  YouTubePlayer: f0afebef31a1793cce734220a5a311ba29ca4a7f

COCOAPODS: 0.38.2
